
Microsoft Visual Studio Solution File, Format Version 12.00
# Visual Studio Version 16
VisualStudioVersion = 16.0.31129.286
MinimumVisualStudioVersion = 10.0.40219.1
Project("{9A19103F-16F7-4668-BE54-9A1E7A4F7556}") = "WebApplication1", "WebApplication1\WebApplication1.csproj", "{0C091811-C086-4754-BFBA-AF85B9C7B681}"
EndProject
Project("{FAE04EC0-301F-11D3-BF4B-00C04F79EFBC}") = "WebApplication2.CoreAndFood", "WebApplication2.CoreAndFood\WebApplication2.CoreAndFood.csproj", "{693AEB03-E836-418D-B5FD-522CFF2001B3}"
EndProject
Global
	GlobalSection(SolutionConfigurationPlatforms) = preSolution
		Debug|Any CPU = Debug|Any CPU
		Release|Any CPU = Release|Any CPU
	EndGlobalSection
	GlobalSection(ProjectConfigurationPlatforms) = postSolution
		{0C091811-C086-4754-BFBA-AF85B9C7B681}.Debug|Any CPU.ActiveCfg = Debug|Any CPU
		{0C091811-C086-4754-BFBA-AF85B9C7B681}.Debug|Any CPU.Build.0 = Debug|Any CPU
		{0C091811-C086-4754-BFBA-AF85B9C7B681}.Release|Any CPU.ActiveCfg = Release|Any CPU
		{0C091811-C086-4754-BFBA-AF85B9C7B681}.Release|Any CPU.Build.0 = Release|Any CPU
		{693AEB03-E836-418D-B5FD-522CFF2001B3}.Debug|Any CPU.ActiveCfg = Debug|Any CPU
		{693AEB03-E836-418D-B5FD-522CFF2001B3}.Debug|Any CPU.Build.0 = Debug|Any CPU
		{693AEB03-E836-418D-B5FD-522CFF2001B3}.Release|Any CPU.ActiveCfg = Release|Any CPU
		{693AEB03-E836-418D-B5FD-522CFF2001B3}.Release|Any CPU.Build.0 = Release|Any CPU
	EndGlobalSection
	GlobalSection(SolutionProperties) = preSolution
		HideSolutionNode = FALSE
	EndGlobalSection
	GlobalSection(ExtensibilityGlobals) = postSolution
		SolutionGuid = {B9D5F9E3-ABE2-4633-B08D-09D194940896}
	EndGlobalSection
EndGlobal
